
Microsoft Visual Studio Solution File, Format Version 12.00
# Visual Studio 15
VisualStudioVersion = 15.0.27004.2010
MinimumVisualStudioVersion = 10.0.40219.1
Project("{2150E333-8FDC-42A3-9474-1A3956D46DE8}") = "src", "src", "{20EB109D-0BE2-444C-B790-F8D2D9EF2D26}"
EndProject
Project("{2150E333-8FDC-42A3-9474-1A3956D46DE8}") = "Solution Items", "Solution Items", "{4BA84590-3322-4EA9-A74E-5D2572A9EC5A}"
EndProject
Project("{FAE04EC0-301F-11D3-BF4B-00C04F79EFBC}") = "Lykke.AzureQueueIntegration", "src\Lykke.AzureQueueIntegration\Lykke.AzureQueueIntegration.csproj", "{83D689AF-7FA3-460B-B01D-7002EBE36343}"
EndProject
Global
	GlobalSection(SolutionConfigurationPlatforms) = preSolution
		Debug|Any CPU = Debug|Any CPU
		Release|Any CPU = Release|Any CPU
	EndGlobalSection
	GlobalSection(ProjectConfigurationPlatforms) = postSolution
		{83D689AF-7FA3-460B-B01D-7002EBE36343}.Debug|Any CPU.ActiveCfg = Debug|Any CPU
		{83D689AF-7FA3-460B-B01D-7002EBE36343}.Debug|Any CPU.Build.0 = Debug|Any CPU
		{83D689AF-7FA3-460B-B01D-7002EBE36343}.Release|Any CPU.ActiveCfg = Release|Any CPU
		{83D689AF-7FA3-460B-B01D-7002EBE36343}.Release|Any CPU.Build.0 = Release|Any CPU
	EndGlobalSection
	GlobalSection(SolutionProperties) = preSolution
		HideSolutionNode = FALSE
	EndGlobalSection
	GlobalSection(NestedProjects) = preSolution
		{83D689AF-7FA3-460B-B01D-7002EBE36343} = {20EB109D-0BE2-444C-B790-F8D2D9EF2D26}
	EndGlobalSection
	GlobalSection(ExtensibilityGlobals) = postSolution
		SolutionGuid = {B437C74D-D30C-4267-8B1B-D66143CDF296}
	EndGlobalSection
EndGlobal
